
Microsoft Visual Studio Solution File, Format Version 12.00
# Visual Studio Version 16
VisualStudioVersion = 16.0.30804.86
MinimumVisualStudioVersion = 10.0.40219.1
Project("{FAE04EC0-301F-11D3-BF4B-00C04F79EFBC}") = "PurchaseOrder", "PurchaseOrder\PurchaseOrder.csproj", "{F61947DC-93E0-408E-B2BD-6FAB4A00D8F0}"
EndProject
Global
	GlobalSection(SolutionConfigurationPlatforms) = preSolution
		Debug|Any CPU = Debug|Any CPU
		Release|Any CPU = Release|Any CPU
	EndGlobalSection
	GlobalSection(ProjectConfigurationPlatforms) = postSolution
		{F61947DC-93E0-408E-B2BD-6FAB4A00D8F0}.Debug|Any CPU.ActiveCfg = Debug|Any CPU
		{F61947DC-93E0-408E-B2BD-6FAB4A00D8F0}.Debug|Any CPU.Build.0 = Debug|Any CPU
		{F61947DC-93E0-408E-B2BD-6FAB4A00D8F0}.Release|Any CPU.ActiveCfg = Release|Any CPU
		{F61947DC-93E0-408E-B2BD-6FAB4A00D8F0}.Release|Any CPU.Build.0 = Release|Any CPU
	EndGlobalSection
	GlobalSection(SolutionProperties) = preSolution
		HideSolutionNode = FALSE
	EndGlobalSection
	GlobalSection(ExtensibilityGlobals) = postSolution
		SolutionGuid = {52E1F78E-987F-46DE-B7E5-5079B6F7BD1E}
	EndGlobalSection
EndGlobal
